
Microsoft Visual Studio Solution File, Format Version 12.00
# Visual Studio Version 17
VisualStudioVersion = 17.3.32901.215
MinimumVisualStudioVersion = 10.0.40219.1
Project("{FAE04EC0-301F-11D3-BF4B-00C04F79EFBC}") = "kt_19T1021264", "kt_19T1021264\kt_19T1021264.csproj", "{821CDFF5-B328-47C1-B035-549F042AE9DA}"
EndProject
Global
	GlobalSection(SolutionConfigurationPlatforms) = preSolution
		Debug|Any CPU = Debug|Any CPU
		Release|Any CPU = Release|Any CPU
	EndGlobalSection
	GlobalSection(ProjectConfigurationPlatforms) = postSolution
		{821CDFF5-B328-47C1-B035-549F042AE9DA}.Debug|Any CPU.ActiveCfg = Debug|Any CPU
		{821CDFF5-B328-47C1-B035-549F042AE9DA}.Debug|Any CPU.Build.0 = Debug|Any CPU
		{821CDFF5-B328-47C1-B035-549F042AE9DA}.Release|Any CPU.ActiveCfg = Release|Any CPU
		{821CDFF5-B328-47C1-B035-549F042AE9DA}.Release|Any CPU.Build.0 = Release|Any CPU
	EndGlobalSection
	GlobalSection(SolutionProperties) = preSolution
		HideSolutionNode = FALSE
	EndGlobalSection
	GlobalSection(ExtensibilityGlobals) = postSolution
		SolutionGuid = {7277D141-92FD-44A0-BBB8-28267800141B}
	EndGlobalSection
EndGlobal
